
Microsoft Visual Studio Solution File, Format Version 12.00
# Visual Studio Version 17
VisualStudioVersion = 17.4.33213.308
MinimumVisualStudioVersion = 10.0.40219.1
Project("{FAE04EC0-301F-11D3-BF4B-00C04F79EFBC}") = "Core", "Core\Core.csproj", "{5EF11432-FD53-4B78-B6A2-B04DB3ED7F85}"
EndProject
Project("{FAE04EC0-301F-11D3-BF4B-00C04F79EFBC}") = "ObjectModel", "ObjectModel\ObjectModel.csproj", "{872E786E-DEA1-4040-912A-5BB3FEBCD5DE}"
EndProject
Project("{FAE04EC0-301F-11D3-BF4B-00C04F79EFBC}") = "UnitTest", "UnitTest\UnitTest.csproj", "{BDDB6E92-B2BA-4FB1-BDAF-58D6C0377330}"
EndProject
Global
	GlobalSection(SolutionConfigurationPlatforms) = preSolution
		Debug|Any CPU = Debug|Any CPU
		Release|Any CPU = Release|Any CPU
	EndGlobalSection
	GlobalSection(ProjectConfigurationPlatforms) = postSolution
		{5EF11432-FD53-4B78-B6A2-B04DB3ED7F85}.Debug|Any CPU.ActiveCfg = Debug|Any CPU
		{5EF11432-FD53-4B78-B6A2-B04DB3ED7F85}.Debug|Any CPU.Build.0 = Debug|Any CPU
		{5EF11432-FD53-4B78-B6A2-B04DB3ED7F85}.Release|Any CPU.ActiveCfg = Release|Any CPU
		{5EF11432-FD53-4B78-B6A2-B04DB3ED7F85}.Release|Any CPU.Build.0 = Release|Any CPU
		{872E786E-DEA1-4040-912A-5BB3FEBCD5DE}.Debug|Any CPU.ActiveCfg = Debug|Any CPU
		{872E786E-DEA1-4040-912A-5BB3FEBCD5DE}.Debug|Any CPU.Build.0 = Debug|Any CPU
		{872E786E-DEA1-4040-912A-5BB3FEBCD5DE}.Release|Any CPU.ActiveCfg = Release|Any CPU
		{872E786E-DEA1-4040-912A-5BB3FEBCD5DE}.Release|Any CPU.Build.0 = Release|Any CPU
		{BDDB6E92-B2BA-4FB1-BDAF-58D6C0377330}.Debug|Any CPU.ActiveCfg = Debug|Any CPU
		{BDDB6E92-B2BA-4FB1-BDAF-58D6C0377330}.Debug|Any CPU.Build.0 = Debug|Any CPU
		{BDDB6E92-B2BA-4FB1-BDAF-58D6C0377330}.Release|Any CPU.ActiveCfg = Release|Any CPU
		{BDDB6E92-B2BA-4FB1-BDAF-58D6C0377330}.Release|Any CPU.Build.0 = Release|Any CPU
	EndGlobalSection
	GlobalSection(SolutionProperties) = preSolution
		HideSolutionNode = FALSE
	EndGlobalSection
	GlobalSection(ExtensibilityGlobals) = postSolution
		SolutionGuid = {C5662E2F-97AD-4493-9C8B-30E22C64AB90}
	EndGlobalSection
EndGlobal
